
Microsoft Visual Studio Solution File, Format Version 12.00
# Visual Studio Version 16
VisualStudioVersion = 16.0.30204.135
MinimumVisualStudioVersion = 10.0.40219.1
Project("{FAE04EC0-301F-11D3-BF4B-00C04F79EFBC}") = "DeviceStore.WebUI", "DeviceStore.WebUI\DeviceStore.WebUI.csproj", "{8AD4FACD-AA30-4BE1-AF92-CF47E8F17512}"
EndProject
Project("{FAE04EC0-301F-11D3-BF4B-00C04F79EFBC}") = "DeviceStore.Tests", "DeviceStore.WebUI.Tests\DeviceStore.Tests.csproj", "{B7EEEEEC-329C-48F2-9CA6-F556EE0B99A2}"
EndProject
Project("{FAE04EC0-301F-11D3-BF4B-00C04F79EFBC}") = "DeviceStore.Domain", "DeviceStore.Domain\DeviceStore.Domain.csproj", "{C3536880-3D8C-4D54-A47C-8CE0EA249646}"
EndProject
Global
	GlobalSection(SolutionConfigurationPlatforms) = preSolution
		Debug|Any CPU = Debug|Any CPU
		Release|Any CPU = Release|Any CPU
	EndGlobalSection
	GlobalSection(ProjectConfigurationPlatforms) = postSolution
		{8AD4FACD-AA30-4BE1-AF92-CF47E8F17512}.Debug|Any CPU.ActiveCfg = Debug|Any CPU
		{8AD4FACD-AA30-4BE1-AF92-CF47E8F17512}.Debug|Any CPU.Build.0 = Debug|Any CPU
		{8AD4FACD-AA30-4BE1-AF92-CF47E8F17512}.Release|Any CPU.ActiveCfg = Release|Any CPU
		{8AD4FACD-AA30-4BE1-AF92-CF47E8F17512}.Release|Any CPU.Build.0 = Release|Any CPU
		{B7EEEEEC-329C-48F2-9CA6-F556EE0B99A2}.Debug|Any CPU.ActiveCfg = Debug|Any CPU
		{B7EEEEEC-329C-48F2-9CA6-F556EE0B99A2}.Debug|Any CPU.Build.0 = Debug|Any CPU
		{B7EEEEEC-329C-48F2-9CA6-F556EE0B99A2}.Release|Any CPU.ActiveCfg = Release|Any CPU
		{B7EEEEEC-329C-48F2-9CA6-F556EE0B99A2}.Release|Any CPU.Build.0 = Release|Any CPU
		{C3536880-3D8C-4D54-A47C-8CE0EA249646}.Debug|Any CPU.ActiveCfg = Debug|Any CPU
		{C3536880-3D8C-4D54-A47C-8CE0EA249646}.Debug|Any CPU.Build.0 = Debug|Any CPU
		{C3536880-3D8C-4D54-A47C-8CE0EA249646}.Release|Any CPU.ActiveCfg = Release|Any CPU
		{C3536880-3D8C-4D54-A47C-8CE0EA249646}.Release|Any CPU.Build.0 = Release|Any CPU
	EndGlobalSection
	GlobalSection(SolutionProperties) = preSolution
		HideSolutionNode = FALSE
	EndGlobalSection
	GlobalSection(ExtensibilityGlobals) = postSolution
		SolutionGuid = {6F333A0E-EB8B-4AF5-9766-F535D567B769}
	EndGlobalSection
EndGlobal
